Microsoft Visual Studio Solution File, Format Version 12.00
# Visual Studio Version 17
VisualStudioVersion = 17.5.2.0
MinimumVisualStudioVersion = 10.0.40219.1
Project("{FAE04EC0-301F-11D3-BF4B-00C04F79EFBC}") = "dotnet-weave", "dotnet-weave.csproj", "{59544043-0BB3-CAD7-937B-861BCA7467C1}"
EndProject
Global
	GlobalSection(SolutionConfigurationPlatforms) = preSolution
		Debug|Any CPU = Debug|Any CPU
		Release|Any CPU = Release|Any CPU
	EndGlobalSection
	GlobalSection(ProjectConfigurationPlatforms) = postSolution
		{59544043-0BB3-CAD7-937B-861BCA7467C1}.Debug|Any CPU.ActiveCfg = Debug|Any CPU
		{59544043-0BB3-CAD7-937B-861BCA7467C1}.Debug|Any CPU.Build.0 = Debug|Any CPU
		{59544043-0BB3-CAD7-937B-861BCA7467C1}.Release|Any CPU.ActiveCfg = Release|Any CPU
		{59544043-0BB3-CAD7-937B-861BCA7467C1}.Release|Any CPU.Build.0 = Release|Any CPU
	EndGlobalSection
	GlobalSection(SolutionProperties) = preSolution
		HideSolutionNode = FALSE
	EndGlobalSection
	GlobalSection(ExtensibilityGlobals) = postSolution
		SolutionGuid = {E40E722E-DA98-4011-84E8-5FD816325E24}
	EndGlobalSection
EndGlobal
